{
  "pins" : [
    {
      "identity" : "flex",
      "kind" : "remoteSourceControl",
      "location" : "https://github.com/FLEXTool/FLEX.git",
      "state" : {
        "revision" : "e0acf59d06d498041f65bbea1e5914b6e4b39733",
        "version" : "5.22.10"
      }
    },
    {
      "identity" : "lnpopupcontroller",
      "kind" : "remoteSourceControl",
      "location" : "https://github.com/zbrateam/LNPopupController.git",
      "state" : {
        "branch" : "main",
        "revision" : "6264d7c5fe562703d3425e83a0dff2d2b481d9b4"
      }
    },
    {
      "identity" : "sdwebimage",
      "kind" : "remoteSourceControl",
      "location" : "https://github.com/SDWebImage/SDWebImage",
      "state" : {
        "revision" : "be0bcd7823ce56629948491f2eaeaa19979514f7",
        "version" : "5.19.4"
      }
    },
    {
      "identity" : "sentry-cocoa",
      "kind" : "remoteSourceControl",
      "location" : "https://github.com/zbrateam/sentry-cocoa.git",
      "state" : {
        "branch" : "main",
        "revision" : "4cce5f0d4d0194951c3789ee7f53ec7fd40cefdd"
      }
    }
  ],
  "version" : 2
}
